
Microsoft Visual Studio Solution File, Format Version 12.00
# Visual Studio Version 17
VisualStudioVersion = 17.7.34202.233
MinimumVisualStudioVersion = 10.0.40219.1
Project("{FAE04EC0-301F-11D3-BF4B-00C04F79EFBC}") = "net tutorial 3", "net tutorial 3\net tutorial 3.csproj", "{F2AA7FED-E38F-4D91-9919-FB58C36F8D9E}"
EndProject
Global
	GlobalSection(SolutionConfigurationPlatforms) = preSolution
		Debug|Any CPU = Debug|Any CPU
		Release|Any CPU = Release|Any CPU
	EndGlobalSection
	GlobalSection(ProjectConfigurationPlatforms) = postSolution
		{F2AA7FED-E38F-4D91-9919-FB58C36F8D9E}.Debug|Any CPU.ActiveCfg = Debug|Any CPU
		{F2AA7FED-E38F-4D91-9919-FB58C36F8D9E}.Debug|Any CPU.Build.0 = Debug|Any CPU
		{F2AA7FED-E38F-4D91-9919-FB58C36F8D9E}.Release|Any CPU.ActiveCfg = Release|Any CPU
		{F2AA7FED-E38F-4D91-9919-FB58C36F8D9E}.Release|Any CPU.Build.0 = Release|Any CPU
	EndGlobalSection
	GlobalSection(SolutionProperties) = preSolution
		HideSolutionNode = FALSE
	EndGlobalSection
	GlobalSection(ExtensibilityGlobals) = postSolution
		SolutionGuid = {599FAA83-001A-4B32-8224-00AB1DF3C79A}
	EndGlobalSection
EndGlobal
