
Microsoft Visual Studio Solution File, Format Version 12.00
# Visual Studio Version 17
VisualStudioVersion = 17.7.34202.233
MinimumVisualStudioVersion = 10.0.40219.1
Project("{FAE04EC0-301F-11D3-BF4B-00C04F79EFBC}") = "arraylist", "arraylist\arraylist.csproj", "{562A8EFF-B50E-4CB8-B9A1-AEB268A98771}"
EndProject
Global
	GlobalSection(SolutionConfigurationPlatforms) = preSolution
		Debug|Any CPU = Debug|Any CPU
		Release|Any CPU = Release|Any CPU
	EndGlobalSection
	GlobalSection(ProjectConfigurationPlatforms) = postSolution
		{562A8EFF-B50E-4CB8-B9A1-AEB268A98771}.Debug|Any CPU.ActiveCfg = Debug|Any CPU
		{562A8EFF-B50E-4CB8-B9A1-AEB268A98771}.Debug|Any CPU.Build.0 = Debug|Any CPU
		{562A8EFF-B50E-4CB8-B9A1-AEB268A98771}.Release|Any CPU.ActiveCfg = Release|Any CPU
		{562A8EFF-B50E-4CB8-B9A1-AEB268A98771}.Release|Any CPU.Build.0 = Release|Any CPU
	EndGlobalSection
	GlobalSection(SolutionProperties) = preSolution
		HideSolutionNode = FALSE
	EndGlobalSection
	GlobalSection(ExtensibilityGlobals) = postSolution
		SolutionGuid = {32D45F2D-AC9D-453F-AE59-30A54545EADE}
	EndGlobalSection
EndGlobal
