
Microsoft Visual Studio Solution File, Format Version 12.00
# Visual Studio Version 17
VisualStudioVersion = 17.7.34202.233
MinimumVisualStudioVersion = 10.0.40219.1
Project("{FAE04EC0-301F-11D3-BF4B-00C04F79EFBC}") = "oop part2", "oop part2\oop part2.csproj", "{229E36D5-8DC2-4A31-B645-842892D91846}"
EndProject
Global
	GlobalSection(SolutionConfigurationPlatforms) = preSolution
		Debug|Any CPU = Debug|Any CPU
		Release|Any CPU = Release|Any CPU
	EndGlobalSection
	GlobalSection(ProjectConfigurationPlatforms) = postSolution
		{229E36D5-8DC2-4A31-B645-842892D91846}.Debug|Any CPU.ActiveCfg = Debug|Any CPU
		{229E36D5-8DC2-4A31-B645-842892D91846}.Debug|Any CPU.Build.0 = Debug|Any CPU
		{229E36D5-8DC2-4A31-B645-842892D91846}.Release|Any CPU.ActiveCfg = Release|Any CPU
		{229E36D5-8DC2-4A31-B645-842892D91846}.Release|Any CPU.Build.0 = Release|Any CPU
	EndGlobalSection
	GlobalSection(SolutionProperties) = preSolution
		HideSolutionNode = FALSE
	EndGlobalSection
	GlobalSection(ExtensibilityGlobals) = postSolution
		SolutionGuid = {928F8868-4B57-4879-A7DA-C804981C0642}
	EndGlobalSection
EndGlobal
