
Microsoft Visual Studio Solution File, Format Version 12.00
# Visual Studio Version 17
VisualStudioVersion = 17.7.34202.233
MinimumVisualStudioVersion = 10.0.40219.1
Project("{FAE04EC0-301F-11D3-BF4B-00C04F79EFBC}") = "net tutorial 11", "net tutorial 11\net tutorial 11.csproj", "{1A6684C2-1989-470E-BB99-7E67847A4E0C}"
EndProject
Project("{FAE04EC0-301F-11D3-BF4B-00C04F79EFBC}") = "net tutorial 12", "net tutorial 12\net tutorial 12.csproj", "{EBEBC161-5B97-4CEC-9F10-C63EC0DFF3D7}"
EndProject
Global
	GlobalSection(SolutionConfigurationPlatforms) = preSolution
		Debug|Any CPU = Debug|Any CPU
		Release|Any CPU = Release|Any CPU
	EndGlobalSection
	GlobalSection(ProjectConfigurationPlatforms) = postSolution
		{1A6684C2-1989-470E-BB99-7E67847A4E0C}.Debug|Any CPU.ActiveCfg = Debug|Any CPU
		{1A6684C2-1989-470E-BB99-7E67847A4E0C}.Debug|Any CPU.Build.0 = Debug|Any CPU
		{1A6684C2-1989-470E-BB99-7E67847A4E0C}.Release|Any CPU.ActiveCfg = Release|Any CPU
		{1A6684C2-1989-470E-BB99-7E67847A4E0C}.Release|Any CPU.Build.0 = Release|Any CPU
		{EBEBC161-5B97-4CEC-9F10-C63EC0DFF3D7}.Debug|Any CPU.ActiveCfg = Debug|Any CPU
		{EBEBC161-5B97-4CEC-9F10-C63EC0DFF3D7}.Debug|Any CPU.Build.0 = Debug|Any CPU
		{EBEBC161-5B97-4CEC-9F10-C63EC0DFF3D7}.Release|Any CPU.ActiveCfg = Release|Any CPU
		{EBEBC161-5B97-4CEC-9F10-C63EC0DFF3D7}.Release|Any CPU.Build.0 = Release|Any CPU
	EndGlobalSection
	GlobalSection(SolutionProperties) = preSolution
		HideSolutionNode = FALSE
	EndGlobalSection
	GlobalSection(ExtensibilityGlobals) = postSolution
		SolutionGuid = {FF984CAB-4CB6-439B-8E4B-77070EC9BF10}
	EndGlobalSection
EndGlobal
